{
  "name": "iceberg-catalog",
  "lockfileVersion": 3,
  "requires": true,
  "packages": {
    "": {
      "dependencies": {
        "pinia-plugin-persistedstate-2": "^2.0.21"
      }
    },
    "node_modules/@vue/devtools-api": {
      "version": "6.6.3",
      "resolved": "https://registry.npmjs.org/@vue/devtools-api/-/devtools-api-6.6.3.tgz",
      "integrity": "sha512-0MiMsFma/HqA6g3KLKn+AGpL1kgKhFWszC9U29NfpWK5LE7bjeXxySWJrOJ77hBz+TBrBQ7o4QJqbPbqbs8rJw==",
      "license": "MIT",
      "peer": true
    },
    "node_modules/pinia": {
      "version": "2.1.7",
      "resolved": "https://registry.npmjs.org/pinia/-/pinia-2.1.7.tgz",
      "integrity": "sha512-+C2AHFtcFqjPih0zpYuvof37SFxMQ7OEG2zV9jRI12i9BOy3YQVAHwdKtyyc8pDcDyIc33WCIsZaCFWU7WWxGQ==",
      "license": "MIT",
      "peer": true,
      "dependencies": {
        "@vue/devtools-api": "^6.5.0",
        "vue-demi": ">=0.14.5"
      },
      "funding": {
        "url": "https://github.com/sponsors/posva"
      },
      "peerDependencies": {
        "@vue/composition-api": "^1.4.0",
        "typescript": ">=4.4.4",
        "vue": "^2.6.14 || ^3.3.0"
      },
      "peerDependenciesMeta": {
        "@vue/composition-api": {
          "optional": true
        },
        "typescript": {
          "optional": true
        }
      }
    },
    "node_modules/pinia-plugin-persistedstate-2": {
      "version": "2.0.21",
      "resolved": "https://registry.npmjs.org/pinia-plugin-persistedstate-2/-/pinia-plugin-persistedstate-2-2.0.21.tgz",
      "integrity": "sha512-vR9KLFDFvSSmO702l3BRvO59jC5P0rMK0PMdiNjhKnw4ZAm15mnbJOZPJD3vZ4djsnQAExmo8grgldd+68GInA==",
      "license": "MIT",
      "dependencies": {
        "shvl": "^3.0.0"
      },
      "peerDependencies": {
        "pinia": "^2"
      }
    },
    "node_modules/shvl": {
      "version": "3.0.0",
      "resolved": "https://registry.npmjs.org/shvl/-/shvl-3.0.0.tgz",
      "integrity": "sha512-5IomAM3ykE/g9K9L6lhODc+TpCuN03rrhlboegeKyyfh66DDdpRD5JN37DYhNHH+RaYjiIDx64K/Ms/xQYOR5w==",
      "license": "MIT"
    },
    "node_modules/vue": {
      "version": "2.6.14",
      "resolved": "https://registry.npmjs.org/vue/-/vue-2.6.14.tgz",
      "integrity": "sha512-x2284lgYvjOMj3Za7kqzRcUSxBboHqtgRE2zlos1qWaOye5yUmHn42LB1250NJBLRwEcdrB0JRwyPTEPhfQjiQ==",
      "deprecated": "Vue 2 has reached EOL and is no longer actively maintained. See https://v2.vuejs.org/eol/ for more details.",
      "license": "MIT",
      "peer": true
    },
    "node_modules/vue-demi": {
      "version": "0.14.8",
      "resolved": "https://registry.npmjs.org/vue-demi/-/vue-demi-0.14.8.tgz",
      "integrity": "sha512-Uuqnk9YE9SsWeReYqK2alDI5YzciATE0r2SkA6iMAtuXvNTMNACJLJEXNXaEy94ECuBe4Sk6RzRU80kjdbIo1Q==",
      "hasInstallScript": true,
      "license": "MIT",
      "peer": true,
      "bin": {
        "vue-demi-fix": "bin/vue-demi-fix.js",
        "vue-demi-switch": "bin/vue-demi-switch.js"
      },
      "engines": {
        "node": ">=12"
      },
      "funding": {
        "url": "https://github.com/sponsors/antfu"
      },
      "peerDependencies": {
        "@vue/composition-api": "^1.0.0-rc.1",
        "vue": "^3.0.0-0 || ^2.6.0"
      },
      "peerDependenciesMeta": {
        "@vue/composition-api": {
          "optional": true
        }
      }
    }
  }
}
